
Microsoft Visual Studio Solution File, Format Version 12.00
# Visual Studio 14
VisualStudioVersion = 14.0.25420.1
MinimumVisualStudioVersion = 10.0.40219.1
Project("{FAE04EC0-301F-11D3-BF4B-00C04F79EFBC}") = "CarFinder", "CarFinder\CarFinder.csproj", "{A4C56887-ED84-44EE-ADA8-8D70AD565B0A}"
EndProject
Project("{FAE04EC0-301F-11D3-BF4B-00C04F79EFBC}") = "CarFinderTest", "CarFinderTest\CarFinderTest.csproj", "{2E2ACF8E-D446-446D-9487-ACC46723AD36}"
EndProject
Project("{FAE04EC0-301F-11D3-BF4B-00C04F79EFBC}") = "CarFinderApp", "CarFinderApp\CarFinderApp.csproj", "{64388FBA-4E4A-4CBC-9E88-F5D71B5DC51C}"
EndProject
Project("{FAE04EC0-301F-11D3-BF4B-00C04F79EFBC}") = "CarFinderGame", "CarFinderGame\CarFinderGame.csproj", "{51989F19-A3EF-4BA2-8561-ABFC674FD658}"
EndProject
Global
	GlobalSection(SolutionConfigurationPlatforms) = preSolution
		Debug|Any CPU = Debug|Any CPU
		Release|Any CPU = Release|Any CPU
	EndGlobalSection
	GlobalSection(ProjectConfigurationPlatforms) = postSolution
		{A4C56887-ED84-44EE-ADA8-8D70AD565B0A}.Debug|Any CPU.ActiveCfg = Debug|Any CPU
		{A4C56887-ED84-44EE-ADA8-8D70AD565B0A}.Debug|Any CPU.Build.0 = Debug|Any CPU
		{A4C56887-ED84-44EE-ADA8-8D70AD565B0A}.Release|Any CPU.ActiveCfg = Release|Any CPU
		{A4C56887-ED84-44EE-ADA8-8D70AD565B0A}.Release|Any CPU.Build.0 = Release|Any CPU
		{2E2ACF8E-D446-446D-9487-ACC46723AD36}.Debug|Any CPU.ActiveCfg = Debug|Any CPU
		{2E2ACF8E-D446-446D-9487-ACC46723AD36}.Debug|Any CPU.Build.0 = Debug|Any CPU
		{2E2ACF8E-D446-446D-9487-ACC46723AD36}.Release|Any CPU.ActiveCfg = Release|Any CPU
		{2E2ACF8E-D446-446D-9487-ACC46723AD36}.Release|Any CPU.Build.0 = Release|Any CPU
		{64388FBA-4E4A-4CBC-9E88-F5D71B5DC51C}.Debug|Any CPU.ActiveCfg = Debug|Any CPU
		{64388FBA-4E4A-4CBC-9E88-F5D71B5DC51C}.Debug|Any CPU.Build.0 = Debug|Any CPU
		{64388FBA-4E4A-4CBC-9E88-F5D71B5DC51C}.Release|Any CPU.ActiveCfg = Release|Any CPU
		{64388FBA-4E4A-4CBC-9E88-F5D71B5DC51C}.Release|Any CPU.Build.0 = Release|Any CPU
		{51989F19-A3EF-4BA2-8561-ABFC674FD658}.Debug|Any CPU.ActiveCfg = Debug|Any CPU
		{51989F19-A3EF-4BA2-8561-ABFC674FD658}.Debug|Any CPU.Build.0 = Debug|Any CPU
		{51989F19-A3EF-4BA2-8561-ABFC674FD658}.Release|Any CPU.ActiveCfg = Release|Any CPU
		{51989F19-A3EF-4BA2-8561-ABFC674FD658}.Release|Any CPU.Build.0 = Release|Any CPU
	EndGlobalSection
	GlobalSection(SolutionProperties) = preSolution
		HideSolutionNode = FALSE
	EndGlobalSection
EndGlobal
